
Microsoft Visual Studio Solution File, Format Version 12.00
# Visual Studio Version 16
VisualStudioVersion = 16.0.29306.81
MinimumVisualStudioVersion = 10.0.40219.1
Project("{FAE04EC0-301F-11D3-BF4B-00C04F79EFBC}") = "FinalProject_NailSalon", "FinalProject_NailSalon\FinalProject_NailSalon.csproj", "{F43F8908-A2EC-44A8-9E85-FC853D90B7F2}"
EndProject
Global
	GlobalSection(SolutionConfigurationPlatforms) = preSolution
		Debug|Any CPU = Debug|Any CPU
		Release|Any CPU = Release|Any CPU
	EndGlobalSection
	GlobalSection(ProjectConfigurationPlatforms) = postSolution
		{F43F8908-A2EC-44A8-9E85-FC853D90B7F2}.Debug|Any CPU.ActiveCfg = Debug|Any CPU
		{F43F8908-A2EC-44A8-9E85-FC853D90B7F2}.Debug|Any CPU.Build.0 = Debug|Any CPU
		{F43F8908-A2EC-44A8-9E85-FC853D90B7F2}.Release|Any CPU.ActiveCfg = Release|Any CPU
		{F43F8908-A2EC-44A8-9E85-FC853D90B7F2}.Release|Any CPU.Build.0 = Release|Any CPU
	EndGlobalSection
	GlobalSection(SolutionProperties) = preSolution
		HideSolutionNode = FALSE
	EndGlobalSection
	GlobalSection(ExtensibilityGlobals) = postSolution
		SolutionGuid = {E2248B52-DD8B-41EB-8964-D00CD75BE78E}
	EndGlobalSection
EndGlobal
